// !$*UTF8*$!
{
	archiveVersion = 1;
	classes = {
	};
	objectVersion = 56;
	objects = {

/* Begin PBXBuildFile section */
		3E7E49562B6CE3D200C3A4D9 /* Etonian.swift in Sources */ = {isa = PBXBuildFile; fileRef = 3E7E49552B6CE3D200C3A4D9 /* Etonian.swift */; };
		3E8F1FAB2B504AA700CC1079 /* EtoniOSDemosApp.swift in Sources */ = {isa = PBXBuildFile; fileRef = 3E8F1FAA2B504AA700CC1079 /* EtoniOSDemosApp.swift */; };
		3E8F1FAD2B504AA700CC1079 /* ContentView.swift in Sources */ = {isa = PBXBuildFile; fileRef = 3E8F1FAC2B504AA700CC1079 /* ContentView.swift */; };
		3E8F1FAF2B504AA900CC1079 /* Assets.xcassets in Resources */ = {isa = PBXBuildFile; fileRef = 3E8F1FAE2B504AA900CC1079 /* Assets.xcassets */; };
		3E8F1FB22B504AA900CC1079 /* Preview Assets.xcassets in Resources */ = {isa = PBXBuildFile; fileRef = 3E8F1FB12B504AA900CC1079 /* Preview Assets.xcassets */; };
		3E8F1FBC2B504AA900CC1079 /* EtoniOSDemosTests.swift in Sources */ = {isa = PBXBuildFile; fileRef = 3E8F1FBB2B504AA900CC1079 /* EtoniOSDemosTests.swift */; };
		3E8F1FC62B504AA900CC1079 /* EtoniOSDemosUITests.swift in Sources */ = {isa = PBXBuildFile; fileRef = 3E8F1FC52B504AA900CC1079 /* EtoniOSDemosUITests.swift */; };
		3E8F1FC82B504AA900CC1079 /* EtoniOSDemosUITestsLaunchTests.swift in Sources */ = {isa = PBXBuildFile; fileRef = 3E8F1FC72B504AA900CC1079 /* EtoniOSDemosUITestsLaunchTests.swift */; };
		3E8F1FDA2B504E8000CC1079 /* HeaderView.swift in Sources */ = {isa = PBXBuildFile; fileRef = 3E8F1FD92B504E8000CC1079 /* HeaderView.swift */; };
		3E8F1FDE2B50500D00CC1079 /* AboutView.swift in Sources */ = {isa = PBXBuildFile; fileRef = 3E8F1FDD2B50500D00CC1079 /* AboutView.swift */; };
		3E8F1FE02B5053D100CC1079 /* ContributingView.swift in Sources */ = {isa = PBXBuildFile; fileRef = 3E8F1FDF2B5053D100CC1079 /* ContributingView.swift */; };
		3E8F1FE22B50559500CC1079 /* HelloWorldView.swift in Sources */ = {isa = PBXBuildFile; fileRef = 3E8F1FE12B50559500CC1079 /* HelloWorldView.swift */; };
		3E8F1FE92B5056EE00CC1079 /* IssuesView.swift in Sources */ = {isa = PBXBuildFile; fileRef = 3E8F1FE82B5056EE00CC1079 /* IssuesView.swift */; };
		3E8F1FED2B50581300CC1079 /* Human.swift in Sources */ = {isa = PBXBuildFile; fileRef = 3E8F1FEC2B50581300CC1079 /* Human.swift */; };
		3EC51C4C2B750B4900F07FBB /* ScratchPaperMCView.swift in Sources */ = {isa = PBXBuildFile; fileRef = 3EC51C4B2B750B4900F07FBB /* ScratchPaperMCView.swift */; };
/* End PBXBuildFile section */

/* Begin PBXContainerItemProxy section */
		3E8F1FB82B504AA900CC1079 /* PBXContainerItemProxy */ = {
			isa = PBXContainerItemProxy;
			containerPortal = 3E8F1F9F2B504AA700CC1079 /* Project object */;
			proxyType = 1;
			remoteGlobalIDString = 3E8F1FA62B504AA700CC1079;
			remoteInfo = EtoniOSDemos;
		};
		3E8F1FC22B504AA900CC1079 /* PBXContainerItemProxy */ = {
			isa = PBXContainerItemProxy;
			containerPortal = 3E8F1F9F2B504AA700CC1079 /* Project object */;
			proxyType = 1;
			remoteGlobalIDString = 3E8F1FA62B504AA700CC1079;
			remoteInfo = EtoniOSDemos;
		};
/* End PBXContainerItemProxy section */

/* Begin PBXFileReference section */
		3E7E49552B6CE3D200C3A4D9 /* Etonian.swift */ = {isa = PBXFileReference; lastKnownFileType = sourcecode.swift; path = Etonian.swift; sourceTree = "<group>"; };
		3E8F1FA72B504AA700CC1079 /* EtoniOSDemos.app */ = {isa = PBXFileReference; explicitFileType = wrapper.application; includeInIndex = 0; path = EtoniOSDemos.app; sourceTree = BUILT_PRODUCTS_DIR; };
		3E8F1FAA2B504AA700CC1079 /* EtoniOSDemosApp.swift */ = {isa = PBXFileReference; lastKnownFileType = sourcecode.swift; path = EtoniOSDemosApp.swift; sourceTree = "<group>"; };
		3E8F1FAC2B504AA700CC1079 /* ContentView.swift */ = {isa = PBXFileReference; lastKnownFileType = sourcecode.swift; path = ContentView.swift; sourceTree = "<group>"; };
		3E8F1FAE2B504AA900CC1079 /* Assets.xcassets */ = {isa = PBXFileReference; lastKnownFileType = folder.assetcatalog; path = Assets.xcassets; sourceTree = "<group>"; };
		3E8F1FB12B504AA900CC1079 /* Preview Assets.xcassets */ = {isa = PBXFileReference; lastKnownFileType = folder.assetcatalog; path = "Preview Assets.xcassets"; sourceTree = "<group>"; };
		3E8F1FB72B504AA900CC1079 /* EtoniOSDemosTests.xctest */ = {isa = PBXFileReference; explicitFileType = wrapper.cfbundle; includeInIndex = 0; path = EtoniOSDemosTests.xctest; sourceTree = BUILT_PRODUCTS_DIR; };
		3E8F1FBB2B504AA900CC1079 /* EtoniOSDemosTests.swift */ = {isa = PBXFileReference; lastKnownFileType = sourcecode.swift; path = EtoniOSDemosTests.swift; sourceTree = "<group>"; };
		3E8F1FC12B504AA900CC1079 /* EtoniOSDemosUITests.xctest */ = {isa = PBXFileReference; explicitFileType = wrapper.cfbundle; includeInIndex = 0; path = EtoniOSDemosUITests.xctest; sourceTree = BUILT_PRODUCTS_DIR; };
		3E8F1FC52B504AA900CC1079 /* EtoniOSDemosUITests.swift */ = {isa = PBXFileReference; lastKnownFileType = sourcecode.swift; path = EtoniOSDemosUITests.swift; sourceTree = "<group>"; };
		3E8F1FC72B504AA900CC1079 /* EtoniOSDemosUITestsLaunchTests.swift */ = {isa = PBXFileReference; lastKnownFileType = sourcecode.swift; path = EtoniOSDemosUITestsLaunchTests.swift; sourceTree = "<group>"; };
		3E8F1FD92B504E8000CC1079 /* HeaderView.swift */ = {isa = PBXFileReference; lastKnownFileType = sourcecode.swift; path = HeaderView.swift; sourceTree = "<group>"; };
		3E8F1FDD2B50500D00CC1079 /* AboutView.swift */ = {isa = PBXFileReference; lastKnownFileType = sourcecode.swift; path = AboutView.swift; sourceTree = "<group>"; };
		3E8F1FDF2B5053D100CC1079 /* ContributingView.swift */ = {isa = PBXFileReference; lastKnownFileType = sourcecode.swift; path = ContributingView.swift; sourceTree = "<group>"; };
		3E8F1FE12B50559500CC1079 /* HelloWorldView.swift */ = {isa = PBXFileReference; lastKnownFileType = sourcecode.swift; path = HelloWorldView.swift; sourceTree = "<group>"; };
		3E8F1FE82B5056EE00CC1079 /* IssuesView.swift */ = {isa = PBXFileReference; lastKnownFileType = sourcecode.swift; path = IssuesView.swift; sourceTree = "<group>"; };
		3E8F1FEC2B50581300CC1079 /* Human.swift */ = {isa = PBXFileReference; lastKnownFileType = sourcecode.swift; path = Human.swift; sourceTree = "<group>"; };
		3E8F1FF02B50593800CC1079 /* README.md */ = {isa = PBXFileReference; lastKnownFileType = net.daringfireball.markdown; path = README.md; sourceTree = "<group>"; };
		3EC51C4B2B750B4900F07FBB /* ScratchPaperMCView.swift */ = {isa = PBXFileReference; lastKnownFileType = sourcecode.swift; path = ScratchPaperMCView.swift; sourceTree = "<group>"; };
/* End PBXFileReference section */

/* Begin PBXFrameworksBuildPhase section */
		3E8F1FA42B504AA700CC1079 /* Frameworks */ = {
			isa = PBXFrameworksBuildPhase;
			buildActionMask = 2147483647;
			files = (
			);
			runOnlyForDeploymentPostprocessing = 0;
		};
		3E8F1FB42B504AA900CC1079 /* Frameworks */ = {
			isa = PBXFrameworksBuildPhase;
			buildActionMask = 2147483647;
			files = (
			);
			runOnlyForDeploymentPostprocessing = 0;
		};
		3E8F1FBE2B504AA900CC1079 /* Frameworks */ = {
			isa = PBXFrameworksBuildPhase;
			buildActionMask = 2147483647;
			files = (
			);
			runOnlyForDeploymentPostprocessing = 0;
		};
/* End PBXFrameworksBuildPhase section */

/* Begin PBXGroup section */
		3E8F1F9E2B504AA700CC1079 = {
			isa = PBXGroup;
			children = (
				3E8F1FF02B50593800CC1079 /* README.md */,
				3E8F1FA92B504AA700CC1079 /* EtoniOSDemos */,
				3E8F1FBA2B504AA900CC1079 /* EtoniOSDemosTests */,
				3E8F1FC42B504AA900CC1079 /* EtoniOSDemosUITests */,
				3E8F1FA82B504AA700CC1079 /* Products */,
			);
			sourceTree = "<group>";
		};
		3E8F1FA82B504AA700CC1079 /* Products */ = {
			isa = PBXGroup;
			children = (
				3E8F1FA72B504AA700CC1079 /* EtoniOSDemos.app */,
				3E8F1FB72B504AA900CC1079 /* EtoniOSDemosTests.xctest */,
				3E8F1FC12B504AA900CC1079 /* EtoniOSDemosUITests.xctest */,
			);
			name = Products;
			sourceTree = "<group>";
		};
		3E8F1FA92B504AA700CC1079 /* EtoniOSDemos */ = {
			isa = PBXGroup;
			children = (
				3E8F1FD42B504ACA00CC1079 /* Models */,
				3E8F1FD62B504ADF00CC1079 /* ViewModels */,
				3E8F1FD52B504AD500CC1079 /* Views */,
				3E8F1FAA2B504AA700CC1079 /* EtoniOSDemosApp.swift */,
				3E8F1FAC2B504AA700CC1079 /* ContentView.swift */,
				3E8F1FAE2B504AA900CC1079 /* Assets.xcassets */,
				3E8F1FB02B504AA900CC1079 /* Preview Content */,
			);
			path = EtoniOSDemos;
			sourceTree = "<group>";
		};
		3E8F1FB02B504AA900CC1079 /* Preview Content */ = {
			isa = PBXGroup;
			children = (
				3E8F1FB12B504AA900CC1079 /* Preview Assets.xcassets */,
			);
			path = "Preview Content";
			sourceTree = "<group>";
		};
		3E8F1FBA2B504AA900CC1079 /* EtoniOSDemosTests */ = {
			isa = PBXGroup;
			children = (
				3E8F1FBB2B504AA900CC1079 /* EtoniOSDemosTests.swift */,
			);
			path = EtoniOSDemosTests;
			sourceTree = "<group>";
		};
		3E8F1FC42B504AA900CC1079 /* EtoniOSDemosUITests */ = {
			isa = PBXGroup;
			children = (
				3E8F1FC52B504AA900CC1079 /* EtoniOSDemosUITests.swift */,
				3E8F1FC72B504AA900CC1079 /* EtoniOSDemosUITestsLaunchTests.swift */,
			);
			path = EtoniOSDemosUITests;
			sourceTree = "<group>";
		};
		3E8F1FD42B504ACA00CC1079 /* Models */ = {
			isa = PBXGroup;
			children = (
				3E8F1FE72B50568400CC1079 /* ScratchPaper */,
				3E8F1FE32B5055FE00CC1079 /* Tutorials */,
			);
			path = Models;
			sourceTree = "<group>";
		};
		3E8F1FD52B504AD500CC1079 /* Views */ = {
			isa = PBXGroup;
			children = (
				3E8F1FE52B50567500CC1079 /* ScratchPaper */,
				3E8F1FDC2B50500200CC1079 /* Tutorials */,
				3E8F1FDB2B504FFB00CC1079 /* General */,
				3E8F1FD92B504E8000CC1079 /* HeaderView.swift */,
			);
			path = Views;
			sourceTree = "<group>";
		};
		3E8F1FD62B504ADF00CC1079 /* ViewModels */ = {
			isa = PBXGroup;
			children = (
				3E8F1FE62B50567F00CC1079 /* ScratchPaper */,
				3E8F1FE42B50566C00CC1079 /* Tutorials */,
			);
			path = ViewModels;
			sourceTree = "<group>";
		};
		3E8F1FDB2B504FFB00CC1079 /* General */ = {
			isa = PBXGroup;
			children = (
				3E8F1FDD2B50500D00CC1079 /* AboutView.swift */,
				3E8F1FDF2B5053D100CC1079 /* ContributingView.swift */,
				3E8F1FE82B5056EE00CC1079 /* IssuesView.swift */,
			);
			path = General;
			sourceTree = "<group>";
		};
		3E8F1FDC2B50500200CC1079 /* Tutorials */ = {
			isa = PBXGroup;
			children = (
				3E8F1FE12B50559500CC1079 /* HelloWorldView.swift */,
			);
			path = Tutorials;
			sourceTree = "<group>";
		};
		3E8F1FE32B5055FE00CC1079 /* Tutorials */ = {
			isa = PBXGroup;
			children = (
			);
			path = Tutorials;
			sourceTree = "<group>";
		};
		3E8F1FE42B50566C00CC1079 /* Tutorials */ = {
			isa = PBXGroup;
			children = (
			);
			path = Tutorials;
			sourceTree = "<group>";
		};
		3E8F1FE52B50567500CC1079 /* ScratchPaper */ = {
			isa = PBXGroup;
			children = (
				3EC51C4A2B750B2B00F07FBB /* DPC */,
				3EC51C492B750B2600F07FBB /* MC */,
			);
			path = ScratchPaper;
			sourceTree = "<group>";
		};
		3E8F1FE62B50567F00CC1079 /* ScratchPaper */ = {
			isa = PBXGroup;
			children = (
			);
			path = ScratchPaper;
			sourceTree = "<group>";
		};
		3E8F1FE72B50568400CC1079 /* ScratchPaper */ = {
			isa = PBXGroup;
			children = (
				3E8F1FEC2B50581300CC1079 /* Human.swift */,
				3E7E49552B6CE3D200C3A4D9 /* Etonian.swift */,
			);
			path = ScratchPaper;
			sourceTree = "<group>";
		};
		3EC51C492B750B2600F07FBB /* MC */ = {
			isa = PBXGroup;
			children = (
				3EC51C4B2B750B4900F07FBB /* ScratchPaperMCView.swift */,
			);
			path = MC;
			sourceTree = "<group>";
		};
		3EC51C4A2B750B2B00F07FBB /* DPC */ = {
			isa = PBXGroup;
			children = (
			);
			path = DPC;
			sourceTree = "<group>";
		};
/* End PBXGroup section */

/* Begin PBXNativeTarget section */
		3E8F1FA62B504AA700CC1079 /* EtoniOSDemos */ = {
			isa = PBXNativeTarget;
			buildConfigurationList = 3E8F1FCB2B504AA900CC1079 /* Build configuration list for PBXNativeTarget "EtoniOSDemos" */;
			buildPhases = (
				3E8F1FA32B504AA700CC1079 /* Sources */,
				3E8F1FA42B504AA700CC1079 /* Frameworks */,
				3E8F1FA52B504AA700CC1079 /* Resources */,
			);
			buildRules = (
			);
			dependencies = (
			);
			name = EtoniOSDemos;
			productName = EtoniOSDemos;
			productReference = 3E8F1FA72B504AA700CC1079 /* EtoniOSDemos.app */;
			productType = "com.apple.product-type.application";
		};
		3E8F1FB62B504AA900CC1079 /* EtoniOSDemosTests */ = {
			isa = PBXNativeTarget;
			buildConfigurationList = 3E8F1FCE2B504AA900CC1079 /* Build configuration list for PBXNativeTarget "EtoniOSDemosTests" */;
			buildPhases = (
				3E8F1FB32B504AA900CC1079 /* Sources */,
				3E8F1FB42B504AA900CC1079 /* Frameworks */,
				3E8F1FB52B504AA900CC1079 /* Resources */,
			);
			buildRules = (
			);
			dependencies = (
				3E8F1FB92B504AA900CC1079 /* PBXTargetDependency */,
			);
			name = EtoniOSDemosTests;
			productName = EtoniOSDemosTests;
			productReference = 3E8F1FB72B504AA900CC1079 /* EtoniOSDemosTests.xctest */;
			productType = "com.apple.product-type.bundle.unit-test";
		};
		3E8F1FC02B504AA900CC1079 /* EtoniOSDemosUITests */ = {
			isa = PBXNativeTarget;
			buildConfigurationList = 3E8F1FD12B504AA900CC1079 /* Build configuration list for PBXNativeTarget "EtoniOSDemosUITests" */;
			buildPhases = (
				3E8F1FBD2B504AA900CC1079 /* Sources */,
				3E8F1FBE2B504AA900CC1079 /* Frameworks */,
				3E8F1FBF2B504AA900CC1079 /* Resources */,
			);
			buildRules = (
			);
			dependencies = (
				3E8F1FC32B504AA900CC1079 /* PBXTargetDependency */,
			);
			name = EtoniOSDemosUITests;
			productName = EtoniOSDemosUITests;
			productReference = 3E8F1FC12B504AA900CC1079 /* EtoniOSDemosUITests.xctest */;
			productType = "com.apple.product-type.bundle.ui-testing";
		};
/* End PBXNativeTarget section */

/* Begin PBXProject section */
		3E8F1F9F2B504AA700CC1079 /* Project object */ = {
			isa = PBXProject;
			attributes = {
				BuildIndependentTargetsInParallel = 1;
				LastSwiftUpdateCheck = 1420;
				LastUpgradeCheck = 1420;
				TargetAttributes = {
					3E8F1FA62B504AA700CC1079 = {
						CreatedOnToolsVersion = 14.2;
					};
					3E8F1FB62B504AA900CC1079 = {
						CreatedOnToolsVersion = 14.2;
						TestTargetID = 3E8F1FA62B504AA700CC1079;
					};
					3E8F1FC02B504AA900CC1079 = {
						CreatedOnToolsVersion = 14.2;
						TestTargetID = 3E8F1FA62B504AA700CC1079;
					};
				};
			};
			buildConfigurationList = 3E8F1FA22B504AA700CC1079 /* Build configuration list for PBXProject "EtoniOSDemos" */;
			compatibilityVersion = "Xcode 14.0";
			developmentRegion = en;
			hasScannedForEncodings = 0;
			knownRegions = (
				en,
				Base,
			);
			mainGroup = 3E8F1F9E2B504AA700CC1079;
			productRefGroup = 3E8F1FA82B504AA700CC1079 /* Products */;
			projectDirPath = "";
			projectRoot = "";
			targets = (
				3E8F1FA62B504AA700CC1079 /* EtoniOSDemos */,
				3E8F1FB62B504AA900CC1079 /* EtoniOSDemosTests */,
				3E8F1FC02B504AA900CC1079 /* EtoniOSDemosUITests */,
			);
		};
/* End PBXProject section */

/* Begin PBXResourcesBuildPhase section */
		3E8F1FA52B504AA700CC1079 /* Resources */ = {
			isa = PBXResourcesBuildPhase;
			buildActionMask = 2147483647;
			files = (
				3E8F1FB22B504AA900CC1079 /* Preview Assets.xcassets in Resources */,
				3E8F1FAF2B504AA900CC1079 /* Assets.xcassets in Resources */,
			);
			runOnlyForDeploymentPostprocessing = 0;
		};
		3E8F1FB52B504AA900CC1079 /* Resources */ = {
			isa = PBXResourcesBuildPhase;
			buildActionMask = 2147483647;
			files = (
			);
			runOnlyForDeploymentPostprocessing = 0;
		};
		3E8F1FBF2B504AA900CC1079 /* Resources */ = {
			isa = PBXResourcesBuildPhase;
			buildActionMask = 2147483647;
			files = (
			);
			runOnlyForDeploymentPostprocessing = 0;
		};
/* End PBXResourcesBuildPhase section */

/* Begin PBXSourcesBuildPhase section */
		3E8F1FA32B504AA700CC1079 /* Sources */ = {
			isa = PBXSourcesBuildPhase;
			buildActionMask = 2147483647;
			files = (
				3E7E49562B6CE3D200C3A4D9 /* Etonian.swift in Sources */,
				3E8F1FDE2B50500D00CC1079 /* AboutView.swift in Sources */,
				3E8F1FE92B5056EE00CC1079 /* IssuesView.swift in Sources */,
				3E8F1FAD2B504AA700CC1079 /* ContentView.swift in Sources */,
				3E8F1FE22B50559500CC1079 /* HelloWorldView.swift in Sources */,
				3E8F1FDA2B504E8000CC1079 /* HeaderView.swift in Sources */,
				3E8F1FE02B5053D100CC1079 /* ContributingView.swift in Sources */,
				3EC51C4C2B750B4900F07FBB /* ScratchPaperMCView.swift in Sources */,
				3E8F1FAB2B504AA700CC1079 /* EtoniOSDemosApp.swift in Sources */,
				3E8F1FED2B50581300CC1079 /* Human.swift in Sources */,
			);
			runOnlyForDeploymentPostprocessing = 0;
		};
		3E8F1FB32B504AA900CC1079 /* Sources */ = {
			isa = PBXSourcesBuildPhase;
			buildActionMask = 2147483647;
			files = (
				3E8F1FBC2B504AA900CC1079 /* EtoniOSDemosTests.swift in Sources */,
			);
			runOnlyForDeploymentPostprocessing = 0;
		};
		3E8F1FBD2B504AA900CC1079 /* Sources */ = {
			isa = PBXSourcesBuildPhase;
			buildActionMask = 2147483647;
			files = (
				3E8F1FC62B504AA900CC1079 /* EtoniOSDemosUITests.swift in Sources */,
				3E8F1FC82B504AA900CC1079 /* EtoniOSDemosUITestsLaunchTests.swift in Sources */,
			);
			runOnlyForDeploymentPostprocessing = 0;
		};
/* End PBXSourcesBuildPhase section */

/* Begin PBXTargetDependency section */
		3E8F1FB92B504AA900CC1079 /* PBXTargetDependency */ = {
			isa = PBXTargetDependency;
			target = 3E8F1FA62B504AA700CC1079 /* EtoniOSDemos */;
			targetProxy = 3E8F1FB82B504AA900CC1079 /* PBXContainerItemProxy */;
		};
		3E8F1FC32B504AA900CC1079 /* PBXTargetDependency */ = {
			isa = PBXTargetDependency;
			target = 3E8F1FA62B504AA700CC1079 /* EtoniOSDemos */;
			targetProxy = 3E8F1FC22B504AA900CC1079 /* PBXContainerItemProxy */;
		};
/* End PBXTargetDependency section */

/* Begin XCBuildConfiguration section */
		3E8F1FC92B504AA900CC1079 /* Debug */ = {
			isa = XCBuildConfiguration;
			buildSettings = {
				ALWAYS_SEARCH_USER_PATHS = NO;
				CLANG_ANALYZER_NONNULL = YES;
				CLANG_ANALYZER_NUMBER_OBJECT_CONVERSION = YES_AGGRESSIVE;
				CLANG_CXX_LANGUAGE_STANDARD = "gnu++20";
				CLANG_ENABLE_MODULES = YES;
				CLANG_ENABLE_OBJC_ARC = YES;
				CLANG_ENABLE_OBJC_WEAK = YES;
				CLANG_WARN_BLOCK_CAPTURE_AUTORELEASING = YES;
				CLANG_WARN_BOOL_CONVERSION = YES;
				CLANG_WARN_COMMA = YES;
				CLANG_WARN_CONSTANT_CONVERSION = YES;
				CLANG_WARN_DEPRECATED_OBJC_IMPLEMENTATIONS = YES;
				CLANG_WARN_DIRECT_OBJC_ISA_USAGE = YES_ERROR;
				CLANG_WARN_DOCUMENTATION_COMMENTS = YES;
				CLANG_WARN_EMPTY_BODY = YES;
				CLANG_WARN_ENUM_CONVERSION = YES;
				CLANG_WARN_INFINITE_RECURSION = YES;
				CLANG_WARN_INT_CONVERSION = YES;
				CLANG_WARN_NON_LITERAL_NULL_CONVERSION = YES;
				CLANG_WARN_OBJC_IMPLICIT_RETAIN_SELF = YES;
				CLANG_WARN_OBJC_LITERAL_CONVERSION = YES;
				CLANG_WARN_OBJC_ROOT_CLASS = YES_ERROR;
				CLANG_WARN_QUOTED_INCLUDE_IN_FRAMEWORK_HEADER = YES;
				CLANG_WARN_RANGE_LOOP_ANALYSIS = YES;
				CLANG_WARN_STRICT_PROTOTYPES = YES;
				CLANG_WARN_SUSPICIOUS_MOVE = YES;
				CLANG_WARN_UNGUARDED_AVAILABILITY = YES_AGGRESSIVE;
				CLANG_WARN_UNREACHABLE_CODE = YES;
				CLANG_WARN__DUPLICATE_METHOD_MATCH = YES;
				COPY_PHASE_STRIP = NO;
				DEBUG_INFORMATION_FORMAT = dwarf;
				ENABLE_STRICT_OBJC_MSGSEND = YES;
				ENABLE_TESTABILITY = YES;
				GCC_C_LANGUAGE_STANDARD = gnu11;
				GCC_DYNAMIC_NO_PIC = NO;
				GCC_NO_COMMON_BLOCKS = YES;
				GCC_OPTIMIZATION_LEVEL = 0;
				GCC_PREPROCESSOR_DEFINITIONS = (
					"DEBUG=1",
					"$(inherited)",
				);
				GCC_WARN_64_TO_32_BIT_CONVERSION = YES;
				GCC_WARN_ABOUT_RETURN_TYPE = YES_ERROR;
				GCC_WARN_UNDECLARED_SELECTOR = YES;
				GCC_WARN_UNINITIALIZED_AUTOS = YES_AGGRESSIVE;
				GCC_WARN_UNUSED_FUNCTION = YES;
				GCC_WARN_UNUSED_VARIABLE = YES;
				IPHONEOS_DEPLOYMENT_TARGET = 16.2;
				MTL_ENABLE_DEBUG_INFO = INCLUDE_SOURCE;
				MTL_FAST_MATH = YES;
				ONLY_ACTIVE_ARCH = YES;
				SDKROOT = iphoneos;
				SWIFT_ACTIVE_COMPILATION_CONDITIONS = DEBUG;
				SWIFT_OPTIMIZATION_LEVEL = "-Onone";
			};
			name = Debug;
		};
		3E8F1FCA2B504AA900CC1079 /* Release */ = {
			isa = XCBuildConfiguration;
			buildSettings = {
				ALWAYS_SEARCH_USER_PATHS = NO;
				CLANG_ANALYZER_NONNULL = YES;
				CLANG_ANALYZER_NUMBER_OBJECT_CONVERSION = YES_AGGRESSIVE;
				CLANG_CXX_LANGUAGE_STANDARD = "gnu++20";
				CLANG_ENABLE_MODULES = YES;
				CLANG_ENABLE_OBJC_ARC = YES;
				CLANG_ENABLE_OBJC_WEAK = YES;
				CLANG_WARN_BLOCK_CAPTURE_AUTORELEASING = YES;
				CLANG_WARN_BOOL_CONVERSION = YES;
				CLANG_WARN_COMMA = YES;
				CLANG_WARN_CONSTANT_CONVERSION = YES;
				CLANG_WARN_DEPRECATED_OBJC_IMPLEMENTATIONS = YES;
				CLANG_WARN_DIRECT_OBJC_ISA_USAGE = YES_ERROR;
				CLANG_WARN_DOCUMENTATION_COMMENTS = YES;
				CLANG_WARN_EMPTY_BODY = YES;
				CLANG_WARN_ENUM_CONVERSION = YES;
				CLANG_WARN_INFINITE_RECURSION = YES;
				CLANG_WARN_INT_CONVERSION = YES;
				CLANG_WARN_NON_LITERAL_NULL_CONVERSION = YES;
				CLANG_WARN_OBJC_IMPLICIT_RETAIN_SELF = YES;
				CLANG_WARN_OBJC_LITERAL_CONVERSION = YES;
				CLANG_WARN_OBJC_ROOT_CLASS = YES_ERROR;
				CLANG_WARN_QUOTED_INCLUDE_IN_FRAMEWORK_HEADER = YES;
				CLANG_WARN_RANGE_LOOP_ANALYSIS = YES;
				CLANG_WARN_STRICT_PROTOTYPES = YES;
				CLANG_WARN_SUSPICIOUS_MOVE = YES;
				CLANG_WARN_UNGUARDED_AVAILABILITY = YES_AGGRESSIVE;
				CLANG_WARN_UNREACHABLE_CODE = YES;
				CLANG_WARN__DUPLICATE_METHOD_MATCH = YES;
				COPY_PHASE_STRIP = NO;
				DEBUG_INFORMATION_FORMAT = "dwarf-with-dsym";
				ENABLE_NS_ASSERTIONS = NO;
				ENABLE_STRICT_OBJC_MSGSEND = YES;
				GCC_C_LANGUAGE_STANDARD = gnu11;
				GCC_NO_COMMON_BLOCKS = YES;
				GCC_WARN_64_TO_32_BIT_CONVERSION = YES;
				GCC_WARN_ABOUT_RETURN_TYPE = YES_ERROR;
				GCC_WARN_UNDECLARED_SELECTOR = YES;
				GCC_WARN_UNINITIALIZED_AUTOS = YES_AGGRESSIVE;
				GCC_WARN_UNUSED_FUNCTION = YES;
				GCC_WARN_UNUSED_VARIABLE = YES;
				IPHONEOS_DEPLOYMENT_TARGET = 16.2;
				MTL_ENABLE_DEBUG_INFO = NO;
				MTL_FAST_MATH = YES;
				SDKROOT = iphoneos;
				SWIFT_COMPILATION_MODE = wholemodule;
				SWIFT_OPTIMIZATION_LEVEL = "-O";
				VALIDATE_PRODUCT = YES;
			};
			name = Release;
		};
		3E8F1FCC2B504AA900CC1079 /* Debug */ = {
			isa = XCBuildConfiguration;
			buildSettings = {
				ASSETCATALOG_COMPILER_APPICON_NAME = AppIcon;
				ASSETCATALOG_COMPILER_GLOBAL_ACCENT_COLOR_NAME = AccentColor;
				CODE_SIGN_STYLE = Automatic;
				CURRENT_PROJECT_VERSION = 1;
				DEVELOPMENT_ASSET_PATHS = "\"EtoniOSDemos/Preview Content\"";
				DEVELOPMENT_TEAM = Q39DSUR7BS;
				ENABLE_PREVIEWS = YES;
				GENERATE_INFOPLIST_FILE = YES;
				INFOPLIST_KEY_UIApplicationSceneManifest_Generation = YES;
				INFOPLIST_KEY_UIApplicationSupportsIndirectInputEvents = YES;
				INFOPLIST_KEY_UILaunchScreen_Generation = YES;
				INFOPLIST_KEY_UISupportedInterfaceOrientations_iPad = "UIInterfaceOrientationPortrait UIInterfaceOrientationPortraitUpsideDown UIInterfaceOrientationLandscapeLeft UIInterfaceOrientationLandscapeRight";
				INFOPLIST_KEY_UISupportedInterfaceOrientations_iPhone = "UIInterfaceOrientationPortrait UIInterfaceOrientationLandscapeLeft UIInterfaceOrientationLandscapeRight";
				LD_RUNPATH_SEARCH_PATHS = (
					"$(inherited)",
					"@executable_path/Frameworks",
				);
				MARKETING_VERSION = 1.0;
				PRODUCT_BUNDLE_IDENTIFIER = com.itsmc.EtoniOSDemos;
				PRODUCT_NAME = "$(TARGET_NAME)";
				SWIFT_EMIT_LOC_STRINGS = YES;
				SWIFT_VERSION = 5.0;
				TARGETED_DEVICE_FAMILY = "1,2";
			};
			name = Debug;
		};
		3E8F1FCD2B504AA900CC1079 /* Release */ = {
			isa = XCBuildConfiguration;
			buildSettings = {
				ASSETCATALOG_COMPILER_APPICON_NAME = AppIcon;
				ASSETCATALOG_COMPILER_GLOBAL_ACCENT_COLOR_NAME = AccentColor;
				CODE_SIGN_STYLE = Automatic;
				CURRENT_PROJECT_VERSION = 1;
				DEVELOPMENT_ASSET_PATHS = "\"EtoniOSDemos/Preview Content\"";
				DEVELOPMENT_TEAM = Q39DSUR7BS;
				ENABLE_PREVIEWS = YES;
				GENERATE_INFOPLIST_FILE = YES;
				INFOPLIST_KEY_UIApplicationSceneManifest_Generation = YES;
				INFOPLIST_KEY_UIApplicationSupportsIndirectInputEvents = YES;
				INFOPLIST_KEY_UILaunchScreen_Generation = YES;
				INFOPLIST_KEY_UISupportedInterfaceOrientations_iPad = "UIInterfaceOrientationPortrait UIInterfaceOrientationPortraitUpsideDown UIInterfaceOrientationLandscapeLeft UIInterfaceOrientationLandscapeRight";
				INFOPLIST_KEY_UISupportedInterfaceOrientations_iPhone = "UIInterfaceOrientationPortrait UIInterfaceOrientationLandscapeLeft UIInterfaceOrientationLandscapeRight";
				LD_RUNPATH_SEARCH_PATHS = (
					"$(inherited)",
					"@executable_path/Frameworks",
				);
				MARKETING_VERSION = 1.0;
				PRODUCT_BUNDLE_IDENTIFIER = com.itsmc.EtoniOSDemos;
				PRODUCT_NAME = "$(TARGET_NAME)";
				SWIFT_EMIT_LOC_STRINGS = YES;
				SWIFT_VERSION = 5.0;
				TARGETED_DEVICE_FAMILY = "1,2";
			};
			name = Release;
		};
		3E8F1FCF2B504AA900CC1079 /* Debug */ = {
			isa = XCBuildConfiguration;
			buildSettings = {
				ALWAYS_EMBED_SWIFT_STANDARD_LIBRARIES = YES;
				BUNDLE_LOADER = "$(TEST_HOST)";
				CODE_SIGN_STYLE = Automatic;
				CURRENT_PROJECT_VERSION = 1;
				DEVELOPMENT_TEAM = Q39DSUR7BS;
				GENERATE_INFOPLIST_FILE = YES;
				IPHONEOS_DEPLOYMENT_TARGET = 16.2;
				MARKETING_VERSION = 1.0;
				PRODUCT_BUNDLE_IDENTIFIER = com.itsmc.EtoniOSDemosTests;
				PRODUCT_NAME = "$(TARGET_NAME)";
				SWIFT_EMIT_LOC_STRINGS = NO;
				SWIFT_VERSION = 5.0;
				TARGETED_DEVICE_FAMILY = "1,2";
				TEST_HOST = "$(BUILT_PRODUCTS_DIR)/EtoniOSDemos.app/$(BUNDLE_EXECUTABLE_FOLDER_PATH)/EtoniOSDemos";
			};
			name = Debug;
		};
		3E8F1FD02B504AA900CC1079 /* Release */ = {
			isa = XCBuildConfiguration;
			buildSettings = {
				ALWAYS_EMBED_SWIFT_STANDARD_LIBRARIES = YES;
				BUNDLE_LOADER = "$(TEST_HOST)";
				CODE_SIGN_STYLE = Automatic;
				CURRENT_PROJECT_VERSION = 1;
				DEVELOPMENT_TEAM = Q39DSUR7BS;
				GENERATE_INFOPLIST_FILE = YES;
				IPHONEOS_DEPLOYMENT_TARGET = 16.2;
				MARKETING_VERSION = 1.0;
				PRODUCT_BUNDLE_IDENTIFIER = com.itsmc.EtoniOSDemosTests;
				PRODUCT_NAME = "$(TARGET_NAME)";
				SWIFT_EMIT_LOC_STRINGS = NO;
				SWIFT_VERSION = 5.0;
				TARGETED_DEVICE_FAMILY = "1,2";
				TEST_HOST = "$(BUILT_PRODUCTS_DIR)/EtoniOSDemos.app/$(BUNDLE_EXECUTABLE_FOLDER_PATH)/EtoniOSDemos";
			};
			name = Release;
		};
		3E8F1FD22B504AA900CC1079 /* Debug */ = {
			isa = XCBuildConfiguration;
			buildSettings = {
				ALWAYS_EMBED_SWIFT_STANDARD_LIBRARIES = YES;
				CODE_SIGN_STYLE = Automatic;
				CURRENT_PROJECT_VERSION = 1;
				DEVELOPMENT_TEAM = Q39DSUR7BS;
				GENERATE_INFOPLIST_FILE = YES;
				MARKETING_VERSION = 1.0;
				PRODUCT_BUNDLE_IDENTIFIER = com.itsmc.EtoniOSDemosUITests;
				PRODUCT_NAME = "$(TARGET_NAME)";
				SWIFT_EMIT_LOC_STRINGS = NO;
				SWIFT_VERSION = 5.0;
				TARGETED_DEVICE_FAMILY = "1,2";
				TEST_TARGET_NAME = EtoniOSDemos;
			};
			name = Debug;
		};
		3E8F1FD32B504AA900CC1079 /* Release */ = {
			isa = XCBuildConfiguration;
			buildSettings = {
				ALWAYS_EMBED_SWIFT_STANDARD_LIBRARIES = YES;
				CODE_SIGN_STYLE = Automatic;
				CURRENT_PROJECT_VERSION = 1;
				DEVELOPMENT_TEAM = Q39DSUR7BS;
				GENERATE_INFOPLIST_FILE = YES;
				MARKETING_VERSION = 1.0;
				PRODUCT_BUNDLE_IDENTIFIER = com.itsmc.EtoniOSDemosUITests;
				PRODUCT_NAME = "$(TARGET_NAME)";
				SWIFT_EMIT_LOC_STRINGS = NO;
				SWIFT_VERSION = 5.0;
				TARGETED_DEVICE_FAMILY = "1,2";
				TEST_TARGET_NAME = EtoniOSDemos;
			};
			name = Release;
		};
/* End XCBuildConfiguration section */

/* Begin XCConfigurationList section */
		3E8F1FA22B504AA700CC1079 /* Build configuration list for PBXProject "EtoniOSDemos" */ = {
			isa = XCConfigurationList;
			buildConfigurations = (
				3E8F1FC92B504AA900CC1079 /* Debug */,
				3E8F1FCA2B504AA900CC1079 /* Release */,
			);
			defaultConfigurationIsVisible = 0;
			defaultConfigurationName = Release;
		};
		3E8F1FCB2B504AA900CC1079 /* Build configuration list for PBXNativeTarget "EtoniOSDemos" */ = {
			isa = XCConfigurationList;
			buildConfigurations = (
				3E8F1FCC2B504AA900CC1079 /* Debug */,
				3E8F1FCD2B504AA900CC1079 /* Release */,
			);
			defaultConfigurationIsVisible = 0;
			defaultConfigurationName = Release;
		};
		3E8F1FCE2B504AA900CC1079 /* Build configuration list for PBXNativeTarget "EtoniOSDemosTests" */ = {
			isa = XCConfigurationList;
			buildConfigurations = (
				3E8F1FCF2B504AA900CC1079 /* Debug */,
				3E8F1FD02B504AA900CC1079 /* Release */,
			);
			defaultConfigurationIsVisible = 0;
			defaultConfigurationName = Release;
		};
		3E8F1FD12B504AA900CC1079 /* Build configuration list for PBXNativeTarget "EtoniOSDemosUITests" */ = {
			isa = XCConfigurationList;
			buildConfigurations = (
				3E8F1FD22B504AA900CC1079 /* Debug */,
				3E8F1FD32B504AA900CC1079 /* Release */,
			);
			defaultConfigurationIsVisible = 0;
			defaultConfigurationName = Release;
		};
/* End XCConfigurationList section */
	};
	rootObject = 3E8F1F9F2B504AA700CC1079 /* Project object */;
}
